
Microsoft Visual Studio Solution File, Format Version 12.00
# Visual Studio Version 17
VisualStudioVersion = 17.5.33516.290
MinimumVisualStudioVersion = 10.0.40219.1
Project("{9A19103F-16F7-4668-BE54-9A1E7A4F7556}") = "Players.Domain", "Players.Domain\Players.Domain.csproj", "{84E9D9F6-75D4-47E7-B4BA-D5255E2C80C7}"
EndProject
Project("{2150E333-8FDC-42A3-9474-1A3956D46DE8}") = "src", "src", "{17E4B1E5-6798-42CF-AC76-FD60481DD640}"
EndProject
Project("{2150E333-8FDC-42A3-9474-1A3956D46DE8}") = "tests", "tests", "{7C7991AC-C536-41F5-BDD0-FDCC0B4A6B1F}"
EndProject
Project("{9A19103F-16F7-4668-BE54-9A1E7A4F7556}") = "Players.Infrastructure", "Players.Infrastructure\Players.Infrastructure.csproj", "{D5D45231-55B4-470A-A4BE-A7F3F5DD1F2A}"
EndProject
Project("{9A19103F-16F7-4668-BE54-9A1E7A4F7556}") = "Players.API", "Players.API\Players.API.csproj", "{E5A18DE8-D9E9-4BBB-A4AB-F8EFCC9772E7}"
EndProject
Project("{FAE04EC0-301F-11D3-BF4B-00C04F79EFBC}") = "Players.Application", "Players.Application\Players.Application.csproj", "{EE814AFF-8C49-4FDA-8323-C5AFC80B598B}"
EndProject
Global
	GlobalSection(SolutionConfigurationPlatforms) = preSolution
		Debug|Any CPU = Debug|Any CPU
		Release|Any CPU = Release|Any CPU
	EndGlobalSection
	GlobalSection(ProjectConfigurationPlatforms) = postSolution
		{84E9D9F6-75D4-47E7-B4BA-D5255E2C80C7}.Debug|Any CPU.ActiveCfg = Debug|Any CPU
		{84E9D9F6-75D4-47E7-B4BA-D5255E2C80C7}.Debug|Any CPU.Build.0 = Debug|Any CPU
		{84E9D9F6-75D4-47E7-B4BA-D5255E2C80C7}.Release|Any CPU.ActiveCfg = Release|Any CPU
		{84E9D9F6-75D4-47E7-B4BA-D5255E2C80C7}.Release|Any CPU.Build.0 = Release|Any CPU
		{D5D45231-55B4-470A-A4BE-A7F3F5DD1F2A}.Debug|Any CPU.ActiveCfg = Debug|Any CPU
		{D5D45231-55B4-470A-A4BE-A7F3F5DD1F2A}.Debug|Any CPU.Build.0 = Debug|Any CPU
		{D5D45231-55B4-470A-A4BE-A7F3F5DD1F2A}.Release|Any CPU.ActiveCfg = Release|Any CPU
		{D5D45231-55B4-470A-A4BE-A7F3F5DD1F2A}.Release|Any CPU.Build.0 = Release|Any CPU
		{E5A18DE8-D9E9-4BBB-A4AB-F8EFCC9772E7}.Debug|Any CPU.ActiveCfg = Debug|Any CPU
		{E5A18DE8-D9E9-4BBB-A4AB-F8EFCC9772E7}.Debug|Any CPU.Build.0 = Debug|Any CPU
		{E5A18DE8-D9E9-4BBB-A4AB-F8EFCC9772E7}.Release|Any CPU.ActiveCfg = Release|Any CPU
		{E5A18DE8-D9E9-4BBB-A4AB-F8EFCC9772E7}.Release|Any CPU.Build.0 = Release|Any CPU
		{EE814AFF-8C49-4FDA-8323-C5AFC80B598B}.Debug|Any CPU.ActiveCfg = Debug|Any CPU
		{EE814AFF-8C49-4FDA-8323-C5AFC80B598B}.Debug|Any CPU.Build.0 = Debug|Any CPU
		{EE814AFF-8C49-4FDA-8323-C5AFC80B598B}.Release|Any CPU.ActiveCfg = Release|Any CPU
		{EE814AFF-8C49-4FDA-8323-C5AFC80B598B}.Release|Any CPU.Build.0 = Release|Any CPU
	EndGlobalSection
	GlobalSection(SolutionProperties) = preSolution
		HideSolutionNode = FALSE
	EndGlobalSection
	GlobalSection(NestedProjects) = preSolution
		{84E9D9F6-75D4-47E7-B4BA-D5255E2C80C7} = {17E4B1E5-6798-42CF-AC76-FD60481DD640}
		{D5D45231-55B4-470A-A4BE-A7F3F5DD1F2A} = {17E4B1E5-6798-42CF-AC76-FD60481DD640}
		{E5A18DE8-D9E9-4BBB-A4AB-F8EFCC9772E7} = {17E4B1E5-6798-42CF-AC76-FD60481DD640}
		{EE814AFF-8C49-4FDA-8323-C5AFC80B598B} = {17E4B1E5-6798-42CF-AC76-FD60481DD640}
	EndGlobalSection
	GlobalSection(ExtensibilityGlobals) = postSolution
		SolutionGuid = {138BD05A-A17E-46EC-984E-FA522E25AC84}
	EndGlobalSection
EndGlobal
